# THIS IS AN AUTOGENERATED FILE. DO NOT EDIT THIS FILE DIRECTLY.
# yarn lockfile v1


browserslist@4.21.11:
  version "4.21.11"
  resolved "https://registry.yarnpkg.com/browserslist/-/browserslist-4.21.11.tgz#35f74a3e51adc4d193dcd76ea13858de7b8fecb8"
  integrity sha512-xn1UXOKUz7DjdGlg9RrUr0GGiWzI97UQJnugHtH0OLDfJB7jMgoIkYvRIEO1l9EeEERVqeqLYOcFBW9ldjypbQ==
  dependencies:
    caniuse-lite "^1.0.30001538"
    electron-to-chromium "^1.4.526"
    node-releases "^2.0.13"
    update-browserslist-db "^1.0.13"

caniuse-lite@^1.0.30001538:
  version "1.0.30001538"
  resolved "https://registry.yarnpkg.com/caniuse-lite/-/caniuse-lite-1.0.30001538.tgz#9dbc6b9af1ff06b5eb12350c2012b3af56744f3f"
  integrity sha512-HWJnhnID+0YMtGlzcp3T9drmBJUVDchPJ08tpUGFLs9CYlwWPH2uLgpHn8fND5pCgXVtnGS3H4QR9XLMHVNkHw==

electron-to-chromium@^1.4.526:
  version "1.4.528"
  resolved "https://registry.yarnpkg.com/electron-to-chromium/-/electron-to-chromium-1.4.528.tgz#7c900fd73d9d2e8bb0dab0e301f25f0f4776ef2c"
  integrity sha512-UdREXMXzLkREF4jA8t89FQjA8WHI6ssP38PMY4/4KhXFQbtImnghh4GkCgrtiZwLKUKVD2iTVXvDVQjfomEQuA==

escalade@^3.1.1:
  version "3.1.1"
  resolved "https://registry.yarnpkg.com/escalade/-/escalade-3.1.1.tgz#d8cfdc7000965c5a0174b4a82eaa5c0552742e40"
  integrity sha512-k0er2gUkLf8O0zKJiAhmkTnJlTvINGv7ygDNPbeIsX/TJjGJZHuh9B2UxbsaEkmlEo9MfhrSzmhIlhRlI2GXnw==

node-releases@^2.0.13:
  version "2.0.13"
  resolved "https://registry.yarnpkg.com/node-releases/-/node-releases-2.0.13.tgz#d5ed1627c23e3461e819b02e57b75e4899b1c81d"
  integrity sha512-uYr7J37ae/ORWdZeQ1xxMJe3NtdmqMC/JZK+geofDrkLUApKRHPd18/TxtBOJ4A0/+uUIliorNrfYV6s1b02eQ==

picocolors@^1.0.0:
  version "1.0.0"
  resolved "https://registry.yarnpkg.com/picocolors/-/picocolors-1.0.0.tgz#cb5bdc74ff3f51892236eaf79d68bc44564ab81c"
  integrity sha512-1fygroTLlHu66zi26VoTDv8yRgm0Fccecssto+MhsZ0D/DGW2sm8E8AjW7NU5VVTRt5GxbeZ5qBuJr+HyLYkjQ==

update-browserslist-db@^1.0.13:
  version "1.0.13"
  resolved "https://registry.yarnpkg.com/update-browserslist-db/-/update-browserslist-db-1.0.13.tgz#3c5e4f5c083661bd38ef64b6328c26ed6c8248c4"
  integrity sha512-xebP81SNcPuNpPP3uzeW1NYXxI3rxyJzF3pD6sH4jE7o/IX+WtSpwnVU+qIsDPyk0d3hmFQ7mjqc6AtV604hbg==
  dependencies:
    escalade "^3.1.1"
    picocolors "^1.0.0"
