# THIS IS AN AUTOGENERATED FILE. DO NOT EDIT THIS FILE DIRECTLY.
# yarn lockfile v1


"@ivuorinen/config-checker@^1.1.2":
  version "1.1.2"
  resolved "https://registry.yarnpkg.com/@ivuorinen/config-checker/-/config-checker-1.1.2.tgz#1a7c4dd683129532998f5b682cd95e4daf176acf"
  integrity sha512-Gb1o2jM0ZqKUa0UTk6yTDbEnC9xGT104EzL0q4x0dW8fLFFQNTp4NrWmpUS90He5m0GNcN5QBo7QPZdGlwUz1Q==

browserslist@4.22.2:
  version "4.22.2"
  resolved "https://registry.yarnpkg.com/browserslist/-/browserslist-4.22.2.tgz#704c4943072bd81ea18997f3bd2180e89c77874b"
  integrity sha512-0UgcrvQmBDvZHFGdYUehrCNIazki7/lUP3kkoi/r3YB2amZbFM9J43ZRkJTXBUZK4gmx56+Sqk9+Vs9mwZx9+A==
  dependencies:
    caniuse-lite "^1.0.30001565"
    electron-to-chromium "^1.4.601"
    node-releases "^2.0.14"
    update-browserslist-db "^1.0.13"

caniuse-lite@^1.0.30001565:
  version "1.0.30001566"
  resolved "https://registry.yarnpkg.com/caniuse-lite/-/caniuse-lite-1.0.30001566.tgz#61a8e17caf3752e3e426d4239c549ebbb37fef0d"
  integrity sha512-ggIhCsTxmITBAMmK8yZjEhCO5/47jKXPu6Dha/wuCS4JePVL+3uiDEBuhu2aIoT+bqTOR8L76Ip1ARL9xYsEJA==

electron-to-chromium@^1.4.601:
  version "1.4.606"
  resolved "https://registry.yarnpkg.com/electron-to-chromium/-/electron-to-chromium-1.4.606.tgz#d9f83f7d06a253ccdd99475dccbbd38d4758ba2f"
  integrity sha512-Zdv0XuhfyWZUsQ5Uq59d43ZmZOdoGZNWjeN4WCxxlQaP8crAWdnWcTxfHKcaJl6PW2SWpHx6DsxSx7v6KcGCuw==

escalade@^3.1.1:
  version "3.1.1"
  resolved "https://registry.yarnpkg.com/escalade/-/escalade-3.1.1.tgz#d8cfdc7000965c5a0174b4a82eaa5c0552742e40"
  integrity sha512-k0er2gUkLf8O0zKJiAhmkTnJlTvINGv7ygDNPbeIsX/TJjGJZHuh9B2UxbsaEkmlEo9MfhrSzmhIlhRlI2GXnw==

node-releases@^2.0.14:
  version "2.0.14"
  resolved "https://registry.yarnpkg.com/node-releases/-/node-releases-2.0.14.tgz#2ffb053bceb8b2be8495ece1ab6ce600c4461b0b"
  integrity sha512-y10wOWt8yZpqXmOgRo77WaHEmhYQYGNA6y421PKsKYWEK8aW+cqAphborZDhqfyKrbZEN92CN1X2KbafY2s7Yw==

picocolors@^1.0.0:
  version "1.0.0"
  resolved "https://registry.yarnpkg.com/picocolors/-/picocolors-1.0.0.tgz#cb5bdc74ff3f51892236eaf79d68bc44564ab81c"
  integrity sha512-1fygroTLlHu66zi26VoTDv8yRgm0Fccecssto+MhsZ0D/DGW2sm8E8AjW7NU5VVTRt5GxbeZ5qBuJr+HyLYkjQ==

update-browserslist-db@^1.0.13:
  version "1.0.13"
  resolved "https://registry.yarnpkg.com/update-browserslist-db/-/update-browserslist-db-1.0.13.tgz#3c5e4f5c083661bd38ef64b6328c26ed6c8248c4"
  integrity sha512-xebP81SNcPuNpPP3uzeW1NYXxI3rxyJzF3pD6sH4jE7o/IX+WtSpwnVU+qIsDPyk0d3hmFQ7mjqc6AtV604hbg==
  dependencies:
    escalade "^3.1.1"
    picocolors "^1.0.0"
