# THIS IS AN AUTOGENERATED FILE. DO NOT EDIT THIS FILE DIRECTLY.
# yarn lockfile v1


"@ivuorinen/config-checker@^1.1.0":
  version "1.1.0"
  resolved "https://registry.yarnpkg.com/@ivuorinen/config-checker/-/config-checker-1.1.0.tgz#73a996445a917627cb558ea69f616978ff97da9d"
  integrity sha512-YHQSF2yt4YZM0W9jdFXdPUB4X1AicweDJWSJtFw58GVI4+wI8+CJtoKL/Dmbn8F3B6H6gngQHwzENqw80Zsskg==

prettier@2.8.8:
  version "2.8.8"
  resolved "https://registry.yarnpkg.com/prettier/-/prettier-2.8.8.tgz#e8c5d7e98a4305ffe3de2e1fc4aca1a71c28b1da"
  integrity sha512-tdN8qQGvNjw4CHbY+XXk0JgCXn9QiF21a55rBe5LJAU+kDyC4WQn4+awm2Xfk2lQMk5fKup9XgzTZtGkjBdP9Q==
